# This file is automatically @generated by Cargo.
# It is not intended for manual editing.
version = 3

[[package]]
name = "fourty-two"
version = "0.1.0"

[[package]]
name = "hello-workspace"
version = "0.1.0"

[[package]]
name = "hello2"
version = "0.1.0"

[[package]]
name = "lib"
version = "0.1.0"
